{
  "name": "repo_control_equipos_apilamiento_v2",
  "lockfileVersion": 3,
  "requires": true,
  "packages": {
    "": {
      "devDependencies": {
        "react-native-make": "^1.0.1"
      }
    },
    "node_modules/react-native-make": {
      "version": "1.0.1",
      "resolved": "https://registry.npmjs.org/react-native-make/-/react-native-make-1.0.1.tgz",
      "integrity": "sha512-+Wo2JSp6NyeKleH9aZcdPsW7X8KiBOZkwx6L65UkPCDbk4FlcYd4yw+YIuK0SUVFkUaFHTU1n8LjIjFpT+YICA==",
      "dev": true
    }
  }
}
